{
    "name": "sms77-shopware6",
    "version": "1.0.0",
    "lockfileVersion": 3,
    "requires": true,
    "packages": {
        "": {
            "version": "1.0.0",
            "dependencies": {
                "sms77-client": "^2.27.0"
            }
        },
        "node_modules/@babel/runtime": {
            "version": "7.29.7",
            "resolved": "https://registry.npmjs.org/@babel/runtime/-/runtime-7.29.7.tgz",
            "integrity": "sha512-Nq8OhGWiZIZGV6hLHoyAKLLcJihP/xFeBMGJoUrxTX2psI8dCifzLhZISFb+VWS3wFMRDmCGw5R+dOySCqPLhw==",
            "license": "MIT",
            "engines": {
                "node": ">=6.9.0"
            }
        },
        "node_modules/date-fns": {
            "version": "2.30.0",
            "resolved": "https://registry.npmjs.org/date-fns/-/date-fns-2.30.0.tgz",
            "integrity": "sha512-fnULvOpxnC5/Vg3NCiWelDsLiUc9bRwAPs/+LfTLNvetFCtCTN+yQz15C/fs4AwX1R9K5GLtLfn8QW+dWisaAw==",
            "license": "MIT",
            "dependencies": {
                "@babel/runtime": "^7.21.0"
            },
            "engines": {
                "node": ">=0.11"
            },
            "funding": {
                "type": "opencollective",
                "url": "https://opencollective.com/date-fns"
            }
        },
        "node_modules/sms77-client": {
            "version": "2.27.0",
            "resolved": "https://registry.npmjs.org/sms77-client/-/sms77-client-2.27.0.tgz",
            "integrity": "sha512-S2RYMzk9ceLheUIaCgpB/JEGPmlVcaVucNlpyFzm5+YVNIzqMc2KsgqQPnnEEsj7v2J0EkNQju19G8Ew5dvGkQ==",
            "deprecated": "This package is deprecated and no longer maintained. Please use @seven.io/client instead for better performance and up-to-date support. For questions, feel free to reach out on our support channels.",
            "license": "MIT",
            "dependencies": {
                "date-fns": "^2.30.0"
            },
            "peerDependencies": {
                "node-fetch": "^2.7.0"
            },
            "peerDependenciesMeta": {
                "node-fetch": {
                    "optional": true
                }
            }
        }
    }
}
